// !$*UTF8*$!
{
	archiveVersion = 1;
	classes = {
	};
	objectVersion = 46;
	objects = {

/* Begin PBXBuildFile section */
		998181221D67EE3B00552D5B /* AppDelegate.swift in Sources */ = {isa = PBXBuildFile; fileRef = 998181211D67EE3B00552D5B /* AppDelegate.swift */; };
		998181241D67EE3B00552D5B /* ViewController.swift in Sources */ = {isa = PBXBuildFile; fileRef = 998181231D67EE3B00552D5B /* ViewController.swift */; };
		998181271D67EE3B00552D5B /* Main.storyboard in Resources */ = {isa = PBXBuildFile; fileRef = 998181251D67EE3B00552D5B /* Main.storyboard */; };
		998181291D67EE3B00552D5B /* Assets.xcassets in Resources */ = {isa = PBXBuildFile; fileRef = 998181281D67EE3B00552D5B /* Assets.xcassets */; };
		9981812C1D67EE3B00552D5B /* LaunchScreen.storyboard in Resources */ = {isa = PBXBuildFile; fileRef = 9981812A1D67EE3B00552D5B /* LaunchScreen.storyboard */; };
		998181491D6801B700552D5B /* Alamofire.swift in Sources */ = {isa = PBXBuildFile; fileRef = 998181361D6801B700552D5B /* Alamofire.swift */; };
		9981814A1D6801B700552D5B /* Download.swift in Sources */ = {isa = PBXBuildFile; fileRef = 998181371D6801B700552D5B /* Download.swift */; };
		9981814B1D6801B700552D5B /* Error.swift in Sources */ = {isa = PBXBuildFile; fileRef = 998181381D6801B700552D5B /* Error.swift */; };
		9981814C1D6801B700552D5B /* Info-tvOS.plist in Resources */ = {isa = PBXBuildFile; fileRef = 998181391D6801B700552D5B /* Info-tvOS.plist */; };
		9981814D1D6801B700552D5B /* Info.plist in Resources */ = {isa = PBXBuildFile; fileRef = 9981813A1D6801B700552D5B /* Info.plist */; };
		9981814E1D6801B700552D5B /* Manager.swift in Sources */ = {isa = PBXBuildFile; fileRef = 9981813B1D6801B700552D5B /* Manager.swift */; };
		9981814F1D6801B700552D5B /* MultipartFormData.swift in Sources */ = {isa = PBXBuildFile; fileRef = 9981813C1D6801B700552D5B /* MultipartFormData.swift */; };
		998181501D6801B700552D5B /* NetworkReachabilityManager.swift in Sources */ = {isa = PBXBuildFile; fileRef = 9981813D1D6801B700552D5B /* NetworkReachabilityManager.swift */; };
		998181511D6801B700552D5B /* Notifications.swift in Sources */ = {isa = PBXBuildFile; fileRef = 9981813E1D6801B700552D5B /* Notifications.swift */; };
		998181521D6801B700552D5B /* ParameterEncoding.swift in Sources */ = {isa = PBXBuildFile; fileRef = 9981813F1D6801B700552D5B /* ParameterEncoding.swift */; };
		998181531D6801B700552D5B /* Request.swift in Sources */ = {isa = PBXBuildFile; fileRef = 998181401D6801B700552D5B /* Request.swift */; };
		998181541D6801B700552D5B /* Response.swift in Sources */ = {isa = PBXBuildFile; fileRef = 998181411D6801B700552D5B /* Response.swift */; };
		998181551D6801B700552D5B /* ResponseSerialization.swift in Sources */ = {isa = PBXBuildFile; fileRef = 998181421D6801B700552D5B /* ResponseSerialization.swift */; };
		998181561D6801B700552D5B /* Result.swift in Sources */ = {isa = PBXBuildFile; fileRef = 998181431D6801B700552D5B /* Result.swift */; };
		998181571D6801B700552D5B /* ServerTrustPolicy.swift in Sources */ = {isa = PBXBuildFile; fileRef = 998181441D6801B700552D5B /* ServerTrustPolicy.swift */; };
		998181581D6801B700552D5B /* Stream.swift in Sources */ = {isa = PBXBuildFile; fileRef = 998181451D6801B700552D5B /* Stream.swift */; };
		998181591D6801B700552D5B /* Timeline.swift in Sources */ = {isa = PBXBuildFile; fileRef = 998181461D6801B700552D5B /* Timeline.swift */; };
		9981815A1D6801B700552D5B /* Upload.swift in Sources */ = {isa = PBXBuildFile; fileRef = 998181471D6801B700552D5B /* Upload.swift */; };
		9981815B1D6801B700552D5B /* Validation.swift in Sources */ = {isa = PBXBuildFile; fileRef = 998181481D6801B700552D5B /* Validation.swift */; };
		9981815D1D68028100552D5B /* SwiftyJSON.swift in Sources */ = {isa = PBXBuildFile; fileRef = 9981815C1D68028100552D5B /* SwiftyJSON.swift */; };
		998181611D6804C500552D5B /* CounterLabelView.swift in Sources */ = {isa = PBXBuildFile; fileRef = 998181601D6804C500552D5B /* CounterLabelView.swift */; };
		998181631D680B1500552D5B /* WeatherManager.swift in Sources */ = {isa = PBXBuildFile; fileRef = 998181621D680B1500552D5B /* WeatherManager.swift */; };
/* End PBXBuildFile section */

/* Begin PBXFileReference section */
		9981811E1D67EE3B00552D5B /* counter.app */ = {isa = PBXFileReference; explicitFileType = wrapper.application; includeInIndex = 0; path = counter.app; sourceTree = BUILT_PRODUCTS_DIR; };
		998181211D67EE3B00552D5B /* AppDelegate.swift */ = {isa = PBXFileReference; lastKnownFileType = sourcecode.swift; path = AppDelegate.swift; sourceTree = "<group>"; };
		998181231D67EE3B00552D5B /* ViewController.swift */ = {isa = PBXFileReference; lastKnownFileType = sourcecode.swift; path = ViewController.swift; sourceTree = "<group>"; };
		998181261D67EE3B00552D5B /* Base */ = {isa = PBXFileReference; lastKnownFileType = file.storyboard; name = Base; path = Base.lproj/Main.storyboard; sourceTree = "<group>"; };
		998181281D67EE3B00552D5B /* Assets.xcassets */ = {isa = PBXFileReference; lastKnownFileType = folder.assetcatalog; path = Assets.xcassets; sourceTree = "<group>"; };
		9981812B1D67EE3B00552D5B /* Base */ = {isa = PBXFileReference; lastKnownFileType = file.storyboard; name = Base; path = Base.lproj/LaunchScreen.storyboard; sourceTree = "<group>"; };
		9981812D1D67EE3B00552D5B /* Info.plist */ = {isa = PBXFileReference; lastKnownFileType = text.plist.xml; path = Info.plist; sourceTree = "<group>"; };
		998181351D6801B700552D5B /* Alamofire.h */ = {isa = PBXFileReference; fileEncoding = 4; lastKnownFileType = sourcecode.c.h; path = Alamofire.h; sourceTree = "<group>"; };
		998181361D6801B700552D5B /* Alamofire.swift */ = {isa = PBXFileReference; fileEncoding = 4; lastKnownFileType = sourcecode.swift; path = Alamofire.swift; sourceTree = "<group>"; };
		998181371D6801B700552D5B /* Download.swift */ = {isa = PBXFileReference; fileEncoding = 4; lastKnownFileType = sourcecode.swift; path = Download.swift; sourceTree = "<group>"; };
		998181381D6801B700552D5B /* Error.swift */ = {isa = PBXFileReference; fileEncoding = 4; lastKnownFileType = sourcecode.swift; path = Error.swift; sourceTree = "<group>"; };
		998181391D6801B700552D5B /* Info-tvOS.plist */ = {isa = PBXFileReference; fileEncoding = 4; lastKnownFileType = text.plist.xml; path = "Info-tvOS.plist"; sourceTree = "<group>"; };
		9981813A1D6801B700552D5B /* Info.plist */ = {isa = PBXFileReference; fileEncoding = 4; lastKnownFileType = text.plist.xml; path = Info.plist; sourceTree = "<group>"; };
		9981813B1D6801B700552D5B /* Manager.swift */ = {isa = PBXFileReference; fileEncoding = 4; lastKnownFileType = sourcecode.swift; path = Manager.swift; sourceTree = "<group>"; };
		9981813C1D6801B700552D5B /* MultipartFormData.swift */ = {isa = PBXFileReference; fileEncoding = 4; lastKnownFileType = sourcecode.swift; path = MultipartFormData.swift; sourceTree = "<group>"; };
		9981813D1D6801B700552D5B /* NetworkReachabilityManager.swift */ = {isa = PBXFileReference; fileEncoding = 4; lastKnownFileType = sourcecode.swift; path = NetworkReachabilityManager.swift; sourceTree = "<group>"; };
		9981813E1D6801B700552D5B /* Notifications.swift */ = {isa = PBXFileReference; fileEncoding = 4; lastKnownFileType = sourcecode.swift; path = Notifications.swift; sourceTree = "<group>"; };
		9981813F1D6801B700552D5B /* ParameterEncoding.swift */ = {isa = PBXFileReference; fileEncoding = 4; lastKnownFileType = sourcecode.swift; path = ParameterEncoding.swift; sourceTree = "<group>"; };
		998181401D6801B700552D5B /* Request.swift */ = {isa = PBXFileReference; fileEncoding = 4; lastKnownFileType = sourcecode.swift; path = Request.swift; sourceTree = "<group>"; };
		998181411D6801B700552D5B /* Response.swift */ = {isa = PBXFileReference; fileEncoding = 4; lastKnownFileType = sourcecode.swift; path = Response.swift; sourceTree = "<group>"; };
		998181421D6801B700552D5B /* ResponseSerialization.swift */ = {isa = PBXFileReference; fileEncoding = 4; lastKnownFileType = sourcecode.swift; path = ResponseSerialization.swift; sourceTree = "<group>"; };
		998181431D6801B700552D5B /* Result.swift */ = {isa = PBXFileReference; fileEncoding = 4; lastKnownFileType = sourcecode.swift; path = Result.swift; sourceTree = "<group>"; };
		998181441D6801B700552D5B /* ServerTrustPolicy.swift */ = {isa = PBXFileReference; fileEncoding = 4; lastKnownFileType = sourcecode.swift; path = ServerTrustPolicy.swift; sourceTree = "<group>"; };
		998181451D6801B700552D5B /* Stream.swift */ = {isa = PBXFileReference; fileEncoding = 4; lastKnownFileType = sourcecode.swift; path = Stream.swift; sourceTree = "<group>"; };
		998181461D6801B700552D5B /* Timeline.swift */ = {isa = PBXFileReference; fileEncoding = 4; lastKnownFileType = sourcecode.swift; path = Timeline.swift; sourceTree = "<group>"; };
		998181471D6801B700552D5B /* Upload.swift */ = {isa = PBXFileReference; fileEncoding = 4; lastKnownFileType = sourcecode.swift; path = Upload.swift; sourceTree = "<group>"; };
		998181481D6801B700552D5B /* Validation.swift */ = {isa = PBXFileReference; fileEncoding = 4; lastKnownFileType = sourcecode.swift; path = Validation.swift; sourceTree = "<group>"; };
		9981815C1D68028100552D5B /* SwiftyJSON.swift */ = {isa = PBXFileReference; fileEncoding = 4; lastKnownFileType = sourcecode.swift; name = SwiftyJSON.swift; path = ../SwiftyJSON.swift; sourceTree = "<group>"; };
		998181601D6804C500552D5B /* CounterLabelView.swift */ = {isa = PBXFileReference; fileEncoding = 4; lastKnownFileType = sourcecode.swift; path = CounterLabelView.swift; sourceTree = "<group>"; };
		998181621D680B1500552D5B /* WeatherManager.swift */ = {isa = PBXFileReference; fileEncoding = 4; lastKnownFileType = sourcecode.swift; path = WeatherManager.swift; sourceTree = "<group>"; };
/* End PBXFileReference section */

/* Begin PBXFrameworksBuildPhase section */
		9981811B1D67EE3B00552D5B /* Frameworks */ = {
			isa = PBXFrameworksBuildPhase;
			buildActionMask = 2147483647;
			files = (
			);
			runOnlyForDeploymentPostprocessing = 0;
		};
/* End PBXFrameworksBuildPhase section */

/* Begin PBXGroup section */
		998181151D67EE3B00552D5B = {
			isa = PBXGroup;
			children = (
				998181201D67EE3B00552D5B /* counter */,
				9981811F1D67EE3B00552D5B /* Products */,
			);
			sourceTree = "<group>";
		};
		9981811F1D67EE3B00552D5B /* Products */ = {
			isa = PBXGroup;
			children = (
				9981811E1D67EE3B00552D5B /* counter.app */,
			);
			name = Products;
			sourceTree = "<group>";
		};
		998181201D67EE3B00552D5B /* counter */ = {
			isa = PBXGroup;
			children = (
				998181211D67EE3B00552D5B /* AppDelegate.swift */,
				998181621D680B1500552D5B /* WeatherManager.swift */,
				998181601D6804C500552D5B /* CounterLabelView.swift */,
				998181231D67EE3B00552D5B /* ViewController.swift */,
				998181251D67EE3B00552D5B /* Main.storyboard */,
				998181281D67EE3B00552D5B /* Assets.xcassets */,
				9981812A1D67EE3B00552D5B /* LaunchScreen.storyboard */,
				998181641D682C2400552D5B /* Third Party Libraries */,
				9981812D1D67EE3B00552D5B /* Info.plist */,
			);
			path = counter;
			sourceTree = "<group>";
		};
		998181341D6801B700552D5B /* Alamofire */ = {
			isa = PBXGroup;
			children = (
				998181351D6801B700552D5B /* Alamofire.h */,
				998181361D6801B700552D5B /* Alamofire.swift */,
				998181371D6801B700552D5B /* Download.swift */,
				998181381D6801B700552D5B /* Error.swift */,
				998181391D6801B700552D5B /* Info-tvOS.plist */,
				9981813A1D6801B700552D5B /* Info.plist */,
				9981813B1D6801B700552D5B /* Manager.swift */,
				9981813C1D6801B700552D5B /* MultipartFormData.swift */,
				9981813D1D6801B700552D5B /* NetworkReachabilityManager.swift */,
				9981813E1D6801B700552D5B /* Notifications.swift */,
				9981813F1D6801B700552D5B /* ParameterEncoding.swift */,
				998181401D6801B700552D5B /* Request.swift */,
				998181411D6801B700552D5B /* Response.swift */,
				998181421D6801B700552D5B /* ResponseSerialization.swift */,
				998181431D6801B700552D5B /* Result.swift */,
				998181441D6801B700552D5B /* ServerTrustPolicy.swift */,
				998181451D6801B700552D5B /* Stream.swift */,
				998181461D6801B700552D5B /* Timeline.swift */,
				998181471D6801B700552D5B /* Upload.swift */,
				998181481D6801B700552D5B /* Validation.swift */,
			);
			name = Alamofire;
			sourceTree = "<group>";
		};
		998181641D682C2400552D5B /* Third Party Libraries */ = {
			isa = PBXGroup;
			children = (
				9981815C1D68028100552D5B /* SwiftyJSON.swift */,
				998181341D6801B700552D5B /* Alamofire */,
			);
			name = "Third Party Libraries";
			path = Alamofire;
			sourceTree = "<group>";
		};
/* End PBXGroup section */

/* Begin PBXNativeTarget section */
		9981811D1D67EE3B00552D5B /* counter */ = {
			isa = PBXNativeTarget;
			buildConfigurationList = 998181301D67EE3B00552D5B /* Build configuration list for PBXNativeTarget "counter" */;
			buildPhases = (
				9981811A1D67EE3B00552D5B /* Sources */,
				9981811B1D67EE3B00552D5B /* Frameworks */,
				9981811C1D67EE3B00552D5B /* Resources */,
			);
			buildRules = (
			);
			dependencies = (
			);
			name = counter;
			productName = counter;
			productReference = 9981811E1D67EE3B00552D5B /* counter.app */;
			productType = "com.apple.product-type.application";
		};
/* End PBXNativeTarget section */

/* Begin PBXProject section */
		998181161D67EE3B00552D5B /* Project object */ = {
			isa = PBXProject;
			attributes = {
				LastSwiftUpdateCheck = 0730;
				LastUpgradeCheck = 0730;
				ORGANIZATIONNAME = "Suleman Imdad";
				TargetAttributes = {
					9981811D1D67EE3B00552D5B = {
						CreatedOnToolsVersion = 7.3;
					};
				};
			};
			buildConfigurationList = 998181191D67EE3B00552D5B /* Build configuration list for PBXProject "counter" */;
			compatibilityVersion = "Xcode 3.2";
			developmentRegion = English;
			hasScannedForEncodings = 0;
			knownRegions = (
				en,
				Base,
			);
			mainGroup = 998181151D67EE3B00552D5B;
			productRefGroup = 9981811F1D67EE3B00552D5B /* Products */;
			projectDirPath = "";
			projectRoot = "";
			targets = (
				9981811D1D67EE3B00552D5B /* counter */,
			);
		};
/* End PBXProject section */

/* Begin PBXResourcesBuildPhase section */
		9981811C1D67EE3B00552D5B /* Resources */ = {
			isa = PBXResourcesBuildPhase;
			buildActionMask = 2147483647;
			files = (
				9981812C1D67EE3B00552D5B /* LaunchScreen.storyboard in Resources */,
				998181291D67EE3B00552D5B /* Assets.xcassets in Resources */,
				9981814C1D6801B700552D5B /* Info-tvOS.plist in Resources */,
				9981814D1D6801B700552D5B /* Info.plist in Resources */,
				998181271D67EE3B00552D5B /* Main.storyboard in Resources */,
			);
			runOnlyForDeploymentPostprocessing = 0;
		};
/* End PBXResourcesBuildPhase section */

/* Begin PBXSourcesBuildPhase section */
		9981811A1D67EE3B00552D5B /* Sources */ = {
			isa = PBXSourcesBuildPhase;
			buildActionMask = 2147483647;
			files = (
				9981815A1D6801B700552D5B /* Upload.swift in Sources */,
				998181491D6801B700552D5B /* Alamofire.swift in Sources */,
				9981814E1D6801B700552D5B /* Manager.swift in Sources */,
				9981815D1D68028100552D5B /* SwiftyJSON.swift in Sources */,
				998181521D6801B700552D5B /* ParameterEncoding.swift in Sources */,
				998181581D6801B700552D5B /* Stream.swift in Sources */,
				998181631D680B1500552D5B /* WeatherManager.swift in Sources */,
				998181501D6801B700552D5B /* NetworkReachabilityManager.swift in Sources */,
				998181561D6801B700552D5B /* Result.swift in Sources */,
				998181541D6801B700552D5B /* Response.swift in Sources */,
				998181531D6801B700552D5B /* Request.swift in Sources */,
				998181511D6801B700552D5B /* Notifications.swift in Sources */,
				9981814F1D6801B700552D5B /* MultipartFormData.swift in Sources */,
				998181591D6801B700552D5B /* Timeline.swift in Sources */,
				9981814A1D6801B700552D5B /* Download.swift in Sources */,
				9981815B1D6801B700552D5B /* Validation.swift in Sources */,
				998181241D67EE3B00552D5B /* ViewController.swift in Sources */,
				9981814B1D6801B700552D5B /* Error.swift in Sources */,
				998181571D6801B700552D5B /* ServerTrustPolicy.swift in Sources */,
				998181551D6801B700552D5B /* ResponseSerialization.swift in Sources */,
				998181221D67EE3B00552D5B /* AppDelegate.swift in Sources */,
				998181611D6804C500552D5B /* CounterLabelView.swift in Sources */,
			);
			runOnlyForDeploymentPostprocessing = 0;
		};
/* End PBXSourcesBuildPhase section */

/* Begin PBXVariantGroup section */
		998181251D67EE3B00552D5B /* Main.storyboard */ = {
			isa = PBXVariantGroup;
			children = (
				998181261D67EE3B00552D5B /* Base */,
			);
			name = Main.storyboard;
			sourceTree = "<group>";
		};
		9981812A1D67EE3B00552D5B /* LaunchScreen.storyboard */ = {
			isa = PBXVariantGroup;
			children = (
				9981812B1D67EE3B00552D5B /* Base */,
			);
			name = LaunchScreen.storyboard;
			sourceTree = "<group>";
		};
/* End PBXVariantGroup section */

/* Begin XCBuildConfiguration section */
		9981812E1D67EE3B00552D5B /* Debug */ = {
			isa = XCBuildConfiguration;
			buildSettings = {
				ALWAYS_SEARCH_USER_PATHS = NO;
				CLANG_ANALYZER_NONNULL = YES;
				CLANG_CXX_LANGUAGE_STANDARD = "gnu++0x";
				CLANG_CXX_LIBRARY = "libc++";
				CLANG_ENABLE_MODULES = YES;
				CLANG_ENABLE_OBJC_ARC = YES;
				CLANG_WARN_BOOL_CONVERSION = YES;
				CLANG_WARN_CONSTANT_CONVERSION = YES;
				CLANG_WARN_DIRECT_OBJC_ISA_USAGE = YES_ERROR;
				CLANG_WARN_EMPTY_BODY = YES;
				CLANG_WARN_ENUM_CONVERSION = YES;
				CLANG_WARN_INT_CONVERSION = YES;
				CLANG_WARN_OBJC_ROOT_CLASS = YES_ERROR;
				CLANG_WARN_UNREACHABLE_CODE = YES;
				CLANG_WARN__DUPLICATE_METHOD_MATCH = YES;
				"CODE_SIGN_IDENTITY[sdk=iphoneos*]" = "iPhone Developer";
				COPY_PHASE_STRIP = NO;
				DEBUG_INFORMATION_FORMAT = dwarf;
				ENABLE_STRICT_OBJC_MSGSEND = YES;
				ENABLE_TESTABILITY = YES;
				GCC_C_LANGUAGE_STANDARD = gnu99;
				GCC_DYNAMIC_NO_PIC = NO;
				GCC_NO_COMMON_BLOCKS = YES;
				GCC_OPTIMIZATION_LEVEL = 0;
				GCC_PREPROCESSOR_DEFINITIONS = (
					"DEBUG=1",
					"$(inherited)",
				);
				GCC_WARN_64_TO_32_BIT_CONVERSION = YES;
				GCC_WARN_ABOUT_RETURN_TYPE = YES_ERROR;
				GCC_WARN_UNDECLARED_SELECTOR = YES;
				GCC_WARN_UNINITIALIZED_AUTOS = YES_AGGRESSIVE;
				GCC_WARN_UNUSED_FUNCTION = YES;
				GCC_WARN_UNUSED_VARIABLE = YES;
				IPHONEOS_DEPLOYMENT_TARGET = 9.3;
				MTL_ENABLE_DEBUG_INFO = YES;
				ONLY_ACTIVE_ARCH = YES;
				SDKROOT = iphoneos;
				SWIFT_OPTIMIZATION_LEVEL = "-Onone";
				TARGETED_DEVICE_FAMILY = "1,2";
			};
			name = Debug;
		};
		9981812F1D67EE3B00552D5B /* Release */ = {
			isa = XCBuildConfiguration;
			buildSettings = {
				ALWAYS_SEARCH_USER_PATHS = NO;
				CLANG_ANALYZER_NONNULL = YES;
				CLANG_CXX_LANGUAGE_STANDARD = "gnu++0x";
				CLANG_CXX_LIBRARY = "libc++";
				CLANG_ENABLE_MODULES = YES;
				CLANG_ENABLE_OBJC_ARC = YES;
				CLANG_WARN_BOOL_CONVERSION = YES;
				CLANG_WARN_CONSTANT_CONVERSION = YES;
				CLANG_WARN_DIRECT_OBJC_ISA_USAGE = YES_ERROR;
				CLANG_WARN_EMPTY_BODY = YES;
				CLANG_WARN_ENUM_CONVERSION = YES;
				CLANG_WARN_INT_CONVERSION = YES;
				CLANG_WARN_OBJC_ROOT_CLASS = YES_ERROR;
				CLANG_WARN_UNREACHABLE_CODE = YES;
				CLANG_WARN__DUPLICATE_METHOD_MATCH = YES;
				"CODE_SIGN_IDENTITY[sdk=iphoneos*]" = "iPhone Developer";
				COPY_PHASE_STRIP = NO;
				DEBUG_INFORMATION_FORMAT = "dwarf-with-dsym";
				ENABLE_NS_ASSERTIONS = NO;
				ENABLE_STRICT_OBJC_MSGSEND = YES;
				GCC_C_LANGUAGE_STANDARD = gnu99;
				GCC_NO_COMMON_BLOCKS = YES;
				GCC_WARN_64_TO_32_BIT_CONVERSION = YES;
				GCC_WARN_ABOUT_RETURN_TYPE = YES_ERROR;
				GCC_WARN_UNDECLARED_SELECTOR = YES;
				GCC_WARN_UNINITIALIZED_AUTOS = YES_AGGRESSIVE;
				GCC_WARN_UNUSED_FUNCTION = YES;
				GCC_WARN_UNUSED_VARIABLE = YES;
				IPHONEOS_DEPLOYMENT_TARGET = 9.3;
				MTL_ENABLE_DEBUG_INFO = NO;
				SDKROOT = iphoneos;
				TARGETED_DEVICE_FAMILY = "1,2";
				VALIDATE_PRODUCT = YES;
			};
			name = Release;
		};
		998181311D67EE3B00552D5B /* Debug */ = {
			isa = XCBuildConfiguration;
			buildSettings = {
				ASSETCATALOG_COMPILER_APPICON_NAME = AppIcon;
				INFOPLIST_FILE = counter/Info.plist;
				LD_RUNPATH_SEARCH_PATHS = "$(inherited) @executable_path/Frameworks";
				PRODUCT_BUNDLE_IDENTIFIER = ws.submission.counter;
				PRODUCT_NAME = "$(TARGET_NAME)";
			};
			name = Debug;
		};
		998181321D67EE3B00552D5B /* Release */ = {
			isa = XCBuildConfiguration;
			buildSettings = {
				ASSETCATALOG_COMPILER_APPICON_NAME = AppIcon;
				INFOPLIST_FILE = counter/Info.plist;
				LD_RUNPATH_SEARCH_PATHS = "$(inherited) @executable_path/Frameworks";
				PRODUCT_BUNDLE_IDENTIFIER = ws.submission.counter;
				PRODUCT_NAME = "$(TARGET_NAME)";
			};
			name = Release;
		};
/* End XCBuildConfiguration section */

/* Begin XCConfigurationList section */
		998181191D67EE3B00552D5B /* Build configuration list for PBXProject "counter" */ = {
			isa = XCConfigurationList;
			buildConfigurations = (
				9981812E1D67EE3B00552D5B /* Debug */,
				9981812F1D67EE3B00552D5B /* Release */,
			);
			defaultConfigurationIsVisible = 0;
			defaultConfigurationName = Release;
		};
		998181301D67EE3B00552D5B /* Build configuration list for PBXNativeTarget "counter" */ = {
			isa = XCConfigurationList;
			buildConfigurations = (
				998181311D67EE3B00552D5B /* Debug */,
				998181321D67EE3B00552D5B /* Release */,
			);
			defaultConfigurationIsVisible = 0;
		};
/* End XCConfigurationList section */
	};
	rootObject = 998181161D67EE3B00552D5B /* Project object */;
}
