// !$*UTF8*$!
{
	archiveVersion = 1;
	classes = {
	};
	objectVersion = 46;
	objects = {

/* Begin PBXBuildFile section */
		998181221D67EE3B00552D5B /* AppDelegate.swift in Sources */ = {isa = PBXBuildFile; fileRef = 998181211D67EE3B00552D5B /* AppDelegate.swift */; };
		998181241D67EE3B00552D5B /* ViewController.swift in Sources */ = {isa = PBXBuildFile; fileRef = 998181231D67EE3B00552D5B /* ViewController.swift */; };
		998181271D67EE3B00552D5B /* Main.storyboard in Resources */ = {isa = PBXBuildFile; fileRef = 998181251D67EE3B00552D5B /* Main.storyboard */; };
		998181291D67EE3B00552D5B /* Assets.xcassets in Resources */ = {isa = PBXBuildFile; fileRef = 998181281D67EE3B00552D5B /* Assets.xcassets */; };
		9981812C1D67EE3B00552D5B /* LaunchScreen.storyboard in Resources */ = {isa = PBXBuildFile; fileRef = 9981812A1D67EE3B00552D5B /* LaunchScreen.storyboard */; };
/* End PBXBuildFile section */

/* Begin PBXFileReference section */
		9981811E1D67EE3B00552D5B /* counter.app */ = {isa = PBXFileReference; explicitFileType = wrapper.application; includeInIndex = 0; path = counter.app; sourceTree = BUILT_PRODUCTS_DIR; };
		998181211D67EE3B00552D5B /* AppDelegate.swift */ = {isa = PBXFileReference; lastKnownFileType = sourcecode.swift; path = AppDelegate.swift; sourceTree = "<group>"; };
		998181231D67EE3B00552D5B /* ViewController.swift */ = {isa = PBXFileReference; lastKnownFileType = sourcecode.swift; path = ViewController.swift; sourceTree = "<group>"; };
		998181261D67EE3B00552D5B /* Base */ = {isa = PBXFileReference; lastKnownFileType = file.storyboard; name = Base; path = Base.lproj/Main.storyboard; sourceTree = "<group>"; };
		998181281D67EE3B00552D5B /* Assets.xcassets */ = {isa = PBXFileReference; lastKnownFileType = folder.assetcatalog; path = Assets.xcassets; sourceTree = "<group>"; };
		9981812B1D67EE3B00552D5B /* Base */ = {isa = PBXFileReference; lastKnownFileType = file.storyboard; name = Base; path = Base.lproj/LaunchScreen.storyboard; sourceTree = "<group>"; };
		9981812D1D67EE3B00552D5B /* Info.plist */ = {isa = PBXFileReference; lastKnownFileType = text.plist.xml; path = Info.plist; sourceTree = "<group>"; };
/* End PBXFileReference section */

/* Begin PBXFrameworksBuildPhase section */
		9981811B1D67EE3B00552D5B /* Frameworks */ = {
			isa = PBXFrameworksBuildPhase;
			buildActionMask = 2147483647;
			files = (
			);
			runOnlyForDeploymentPostprocessing = 0;
		};
/* End PBXFrameworksBuildPhase section */

/* Begin PBXGroup section */
		998181151D67EE3B00552D5B = {
			isa = PBXGroup;
			children = (
				998181201D67EE3B00552D5B /* counter */,
				9981811F1D67EE3B00552D5B /* Products */,
			);
			sourceTree = "<group>";
		};
		9981811F1D67EE3B00552D5B /* Products */ = {
			isa = PBXGroup;
			children = (
				9981811E1D67EE3B00552D5B /* counter.app */,
			);
			name = Products;
			sourceTree = "<group>";
		};
		998181201D67EE3B00552D5B /* counter */ = {
			isa = PBXGroup;
			children = (
				998181211D67EE3B00552D5B /* AppDelegate.swift */,
				998181231D67EE3B00552D5B /* ViewController.swift */,
				998181251D67EE3B00552D5B /* Main.storyboard */,
				998181281D67EE3B00552D5B /* Assets.xcassets */,
				9981812A1D67EE3B00552D5B /* LaunchScreen.storyboard */,
				9981812D1D67EE3B00552D5B /* Info.plist */,
			);
			path = counter;
			sourceTree = "<group>";
		};
/* End PBXGroup section */

/* Begin PBXNativeTarget section */
		9981811D1D67EE3B00552D5B /* counter */ = {
			isa = PBXNativeTarget;
			buildConfigurationList = 998181301D67EE3B00552D5B /* Build configuration list for PBXNativeTarget "counter" */;
			buildPhases = (
				9981811A1D67EE3B00552D5B /* Sources */,
				9981811B1D67EE3B00552D5B /* Frameworks */,
				9981811C1D67EE3B00552D5B /* Resources */,
			);
			buildRules = (
			);
			dependencies = (
			);
			name = counter;
			productName = counter;
			productReference = 9981811E1D67EE3B00552D5B /* counter.app */;
			productType = "com.apple.product-type.application";
		};
/* End PBXNativeTarget section */

/* Begin PBXProject section */
		998181161D67EE3B00552D5B /* Project object */ = {
			isa = PBXProject;
			attributes = {
				LastSwiftUpdateCheck = 0730;
				LastUpgradeCheck = 0730;
				ORGANIZATIONNAME = "Suleman Imdad";
				TargetAttributes = {
					9981811D1D67EE3B00552D5B = {
						CreatedOnToolsVersion = 7.3;
					};
				};
			};
			buildConfigurationList = 998181191D67EE3B00552D5B /* Build configuration list for PBXProject "counter" */;
			compatibilityVersion = "Xcode 3.2";
			developmentRegion = English;
			hasScannedForEncodings = 0;
			knownRegions = (
				en,
				Base,
			);
			mainGroup = 998181151D67EE3B00552D5B;
			productRefGroup = 9981811F1D67EE3B00552D5B /* Products */;
			projectDirPath = "";
			projectRoot = "";
			targets = (
				9981811D1D67EE3B00552D5B /* counter */,
			);
		};
/* End PBXProject section */

/* Begin PBXResourcesBuildPhase section */
		9981811C1D67EE3B00552D5B /* Resources */ = {
			isa = PBXResourcesBuildPhase;
			buildActionMask = 2147483647;
			files = (
				9981812C1D67EE3B00552D5B /* LaunchScreen.storyboard in Resources */,
				998181291D67EE3B00552D5B /* Assets.xcassets in Resources */,
				998181271D67EE3B00552D5B /* Main.storyboard in Resources */,
			);
			runOnlyForDeploymentPostprocessing = 0;
		};
/* End PBXResourcesBuildPhase section */

/* Begin PBXSourcesBuildPhase section */
		9981811A1D67EE3B00552D5B /* Sources */ = {
			isa = PBXSourcesBuildPhase;
			buildActionMask = 2147483647;
			files = (
				998181241D67EE3B00552D5B /* ViewController.swift in Sources */,
				998181221D67EE3B00552D5B /* AppDelegate.swift in Sources */,
			);
			runOnlyForDeploymentPostprocessing = 0;
		};
/* End PBXSourcesBuildPhase section */

/* Begin PBXVariantGroup section */
		998181251D67EE3B00552D5B /* Main.storyboard */ = {
			isa = PBXVariantGroup;
			children = (
				998181261D67EE3B00552D5B /* Base */,
			);
			name = Main.storyboard;
			sourceTree = "<group>";
		};
		9981812A1D67EE3B00552D5B /* LaunchScreen.storyboard */ = {
			isa = PBXVariantGroup;
			children = (
				9981812B1D67EE3B00552D5B /* Base */,
			);
			name = LaunchScreen.storyboard;
			sourceTree = "<group>";
		};
/* End PBXVariantGroup section */

/* Begin XCBuildConfiguration section */
		9981812E1D67EE3B00552D5B /* Debug */ = {
			isa = XCBuildConfiguration;
			buildSettings = {
				ALWAYS_SEARCH_USER_PATHS = NO;
				CLANG_ANALYZER_NONNULL = YES;
				CLANG_CXX_LANGUAGE_STANDARD = "gnu++0x";
				CLANG_CXX_LIBRARY = "libc++";
				CLANG_ENABLE_MODULES = YES;
				CLANG_ENABLE_OBJC_ARC = YES;
				CLANG_WARN_BOOL_CONVERSION = YES;
				CLANG_WARN_CONSTANT_CONVERSION = YES;
				CLANG_WARN_DIRECT_OBJC_ISA_USAGE = YES_ERROR;
				CLANG_WARN_EMPTY_BODY = YES;
				CLANG_WARN_ENUM_CONVERSION = YES;
				CLANG_WARN_INT_CONVERSION = YES;
				CLANG_WARN_OBJC_ROOT_CLASS = YES_ERROR;
				CLANG_WARN_UNREACHABLE_CODE = YES;
				CLANG_WARN__DUPLICATE_METHOD_MATCH = YES;
				"CODE_SIGN_IDENTITY[sdk=iphoneos*]" = "iPhone Developer";
				COPY_PHASE_STRIP = NO;
				DEBUG_INFORMATION_FORMAT = dwarf;
				ENABLE_STRICT_OBJC_MSGSEND = YES;
				ENABLE_TESTABILITY = YES;
				GCC_C_LANGUAGE_STANDARD = gnu99;
				GCC_DYNAMIC_NO_PIC = NO;
				GCC_NO_COMMON_BLOCKS = YES;
				GCC_OPTIMIZATION_LEVEL = 0;
				GCC_PREPROCESSOR_DEFINITIONS = (
					"DEBUG=1",
					"$(inherited)",
				);
				GCC_WARN_64_TO_32_BIT_CONVERSION = YES;
				GCC_WARN_ABOUT_RETURN_TYPE = YES_ERROR;
				GCC_WARN_UNDECLARED_SELECTOR = YES;
				GCC_WARN_UNINITIALIZED_AUTOS = YES_AGGRESSIVE;
				GCC_WARN_UNUSED_FUNCTION = YES;
				GCC_WARN_UNUSED_VARIABLE = YES;
				IPHONEOS_DEPLOYMENT_TARGET = 9.3;
				MTL_ENABLE_DEBUG_INFO = YES;
				ONLY_ACTIVE_ARCH = YES;
				SDKROOT = iphoneos;
				SWIFT_OPTIMIZATION_LEVEL = "-Onone";
				TARGETED_DEVICE_FAMILY = "1,2";
			};
			name = Debug;
		};
		9981812F1D67EE3B00552D5B /* Release */ = {
			isa = XCBuildConfiguration;
			buildSettings = {
				ALWAYS_SEARCH_USER_PATHS = NO;
				CLANG_ANALYZER_NONNULL = YES;
				CLANG_CXX_LANGUAGE_STANDARD = "gnu++0x";
				CLANG_CXX_LIBRARY = "libc++";
				CLANG_ENABLE_MODULES = YES;
				CLANG_ENABLE_OBJC_ARC = YES;
				CLANG_WARN_BOOL_CONVERSION = YES;
				CLANG_WARN_CONSTANT_CONVERSION = YES;
				CLANG_WARN_DIRECT_OBJC_ISA_USAGE = YES_ERROR;
				CLANG_WARN_EMPTY_BODY = YES;
				CLANG_WARN_ENUM_CONVERSION = YES;
				CLANG_WARN_INT_CONVERSION = YES;
				CLANG_WARN_OBJC_ROOT_CLASS = YES_ERROR;
				CLANG_WARN_UNREACHABLE_CODE = YES;
				CLANG_WARN__DUPLICATE_METHOD_MATCH = YES;
				"CODE_SIGN_IDENTITY[sdk=iphoneos*]" = "iPhone Developer";
				COPY_PHASE_STRIP = NO;
				DEBUG_INFORMATION_FORMAT = "dwarf-with-dsym";
				ENABLE_NS_ASSERTIONS = NO;
				ENABLE_STRICT_OBJC_MSGSEND = YES;
				GCC_C_LANGUAGE_STANDARD = gnu99;
				GCC_NO_COMMON_BLOCKS = YES;
				GCC_WARN_64_TO_32_BIT_CONVERSION = YES;
				GCC_WARN_ABOUT_RETURN_TYPE = YES_ERROR;
				GCC_WARN_UNDECLARED_SELECTOR = YES;
				GCC_WARN_UNINITIALIZED_AUTOS = YES_AGGRESSIVE;
				GCC_WARN_UNUSED_FUNCTION = YES;
				GCC_WARN_UNUSED_VARIABLE = YES;
				IPHONEOS_DEPLOYMENT_TARGET = 9.3;
				MTL_ENABLE_DEBUG_INFO = NO;
				SDKROOT = iphoneos;
				TARGETED_DEVICE_FAMILY = "1,2";
				VALIDATE_PRODUCT = YES;
			};
			name = Release;
		};
		998181311D67EE3B00552D5B /* Debug */ = {
			isa = XCBuildConfiguration;
			buildSettings = {
				ASSETCATALOG_COMPILER_APPICON_NAME = AppIcon;
				INFOPLIST_FILE = counter/Info.plist;
				LD_RUNPATH_SEARCH_PATHS = "$(inherited) @executable_path/Frameworks";
				PRODUCT_BUNDLE_IDENTIFIER = ws.submission.counter;
				PRODUCT_NAME = "$(TARGET_NAME)";
			};
			name = Debug;
		};
		998181321D67EE3B00552D5B /* Release */ = {
			isa = XCBuildConfiguration;
			buildSettings = {
				ASSETCATALOG_COMPILER_APPICON_NAME = AppIcon;
				INFOPLIST_FILE = counter/Info.plist;
				LD_RUNPATH_SEARCH_PATHS = "$(inherited) @executable_path/Frameworks";
				PRODUCT_BUNDLE_IDENTIFIER = ws.submission.counter;
				PRODUCT_NAME = "$(TARGET_NAME)";
			};
			name = Release;
		};
/* End XCBuildConfiguration section */

/* Begin XCConfigurationList section */
		998181191D67EE3B00552D5B /* Build configuration list for PBXProject "counter" */ = {
			isa = XCConfigurationList;
			buildConfigurations = (
				9981812E1D67EE3B00552D5B /* Debug */,
				9981812F1D67EE3B00552D5B /* Release */,
			);
			defaultConfigurationIsVisible = 0;
			defaultConfigurationName = Release;
		};
		998181301D67EE3B00552D5B /* Build configuration list for PBXNativeTarget "counter" */ = {
			isa = XCConfigurationList;
			buildConfigurations = (
				998181311D67EE3B00552D5B /* Debug */,
				998181321D67EE3B00552D5B /* Release */,
			);
			defaultConfigurationIsVisible = 0;
		};
/* End XCConfigurationList section */
	};
	rootObject = 998181161D67EE3B00552D5B /* Project object */;
}
